
Microsoft Visual Studio Solution File, Format Version 12.00
# Visual Studio Version 18
VisualStudioVersion = 18.5.11723.231
MinimumVisualStudioVersion = 10.0.40219.1
Project("{FAE04EC0-301F-11D3-BF4B-00C04F79EFBC}") = "ProductOperationsManager", "ProductOperationsManager.csproj", "{704757F6-869A-EB4B-EA9E-8BE5BEA2DD2A}"
EndProject
Global
	GlobalSection(SolutionConfigurationPlatforms) = preSolution
		Debug|Any CPU = Debug|Any CPU
		Release|Any CPU = Release|Any CPU
	EndGlobalSection
	GlobalSection(ProjectConfigurationPlatforms) = postSolution
		{704757F6-869A-EB4B-EA9E-8BE5BEA2DD2A}.Debug|Any CPU.ActiveCfg = Debug|Any CPU
		{704757F6-869A-EB4B-EA9E-8BE5BEA2DD2A}.Debug|Any CPU.Build.0 = Debug|Any CPU
		{704757F6-869A-EB4B-EA9E-8BE5BEA2DD2A}.Release|Any CPU.ActiveCfg = Release|Any CPU
		{704757F6-869A-EB4B-EA9E-8BE5BEA2DD2A}.Release|Any CPU.Build.0 = Release|Any CPU
	EndGlobalSection
	GlobalSection(SolutionProperties) = preSolution
		HideSolutionNode = FALSE
	EndGlobalSection
	GlobalSection(ExtensibilityGlobals) = postSolution
		SolutionGuid = {8CE7EC34-04FE-4F4C-A948-5FE11BD97E12}
	EndGlobalSection
EndGlobal
